<?xml version="1.0" encoding="utf-8"?>
<Project ToolsVersion="4.0" xmlns="http://schemas.microsoft.com/developer/msbuild/2003">
  <ItemGroup>
    <Filter Include="Source Files">
      <UniqueIdentifier>{4FC737F1-C7A5-4376-A066-2A32D752A2FF}</UniqueIdentifier>
      <Extensions>cpp;c;cc;cxx;def;odl;idl;hpj;bat;asm;asmx</Extensions>
    </Filter>
    <Filter Include="Header Files">
      <UniqueIdentifier>{93995380-89BD-4b04-88EB-625FBE52EBFB}</UniqueIdentifier>
      <Extensions>h;hh;hpp;hxx;hm;inl;inc;ipp;xsd</Extensions>
    </Filter>
    <Filter Include="Resource Files">
      <UniqueIdentifier>{67DA6AB6-F800-4c08-8B7A-83BB121AAD01}</UniqueIdentifier>
      <Extensions>rc;ico;cur;bmp;dlg;rc2;rct;bin;rgs;gif;jpg;jpeg;jpe;resx;tiff;tif;png;wav;mfcribbon-ms</Extensions>
    </Filter>
  </ItemGroup>
  <ItemGroup>
    <ClCompile Include="src\main\cpp\incoming\Logger.cpp">
      <Filter>Source Files</Filter>
    </ClCompile>
    <ClCompile Include="src\main\cpp\Main.cpp">
      <Filter>Source Files</Filter>
    </ClCompile>
    <ClCompile Include="src\main\cpp\gpio\GPIO.cpp">
      <Filter>Source Files</Filter>
    </ClCompile>
    <ClCompile Include="src\main\cpp\gpio\Motor.cpp">
      <Filter>Source Files</Filter>
    </ClCompile>
    <ClCompile Include="src\main\cpp\action\Beta.cpp">
      <Filter>Source Files</Filter>
    </ClCompile>
    <ClCompile Include="src\main\cpp\action\TicTacToe.cpp">
      <Filter>Source Files</Filter>
    </ClCompile>
    <ClCompile Include="src\main\cpp\pch.cpp">
      <Filter>Source Files</Filter>
    </ClCompile>
    <ClCompile Include="src\main\cpp\incoming\Captain.cpp">
      <Filter>Source Files</Filter>
    </ClCompile>
    <ClCompile Include="src\main\cpp\gpio\Biker.cpp">
      <Filter>Source Files</Filter>
    </ClCompile>
    <ClCompile Include="src\main\cpp\Beta.cpp">
      <Filter>Source Files</Filter>
    </ClCompile>
    <ClCompile Include="src\main\cpp\Biker.cpp">
      <Filter>Source Files</Filter>
    </ClCompile>
    <ClCompile Include="src\main\cpp\Captain.cpp">
      <Filter>Source Files</Filter>
    </ClCompile>
    <ClCompile Include="src\main\cpp\GPIO.cpp">
      <Filter>Source Files</Filter>
    </ClCompile>
    <ClCompile Include="src\main\cpp\Logger.cpp">
      <Filter>Source Files</Filter>
    </ClCompile>
    <ClCompile Include="src\main\cpp\Motor.cpp">
      <Filter>Source Files</Filter>
    </ClCompile>
    <ClCompile Include="src\main\cpp\TicTacToe.cpp">
      <Filter>Source Files</Filter>
    </ClCompile>
  </ItemGroup>
  <ItemGroup>
    <ClInclude Include="src\main\cpp\headers\Logger.h">
      <Filter>Header Files</Filter>
    </ClInclude>
    <ClInclude Include="src\main\cpp\headers\GPIO.h">
      <Filter>Header Files</Filter>
    </ClInclude>
    <ClInclude Include="src\main\cpp\headers\Motor.h">
      <Filter>Header Files</Filter>
    </ClInclude>
    <ClInclude Include="src\main\cpp\headers\Beta.h">
      <Filter>Header Files</Filter>
    </ClInclude>
    <ClInclude Include="src\main\cpp\pch.h">
      <Filter>Header Files</Filter>
    </ClInclude>
    <ClInclude Include="src\main\cpp\action\tictactoe.h">
      <Filter>Header Files</Filter>
    </ClInclude>
    <ClInclude Include="src\main\cpp\action\beta.h">
      <Filter>Header Files</Filter>
    </ClInclude>
    <ClInclude Include="src\main\cpp\gpio\gpio.h">
      <Filter>Header Files</Filter>
    </ClInclude>
    <ClInclude Include="src\main\cpp\gpio\motor.h">
      <Filter>Header Files</Filter>
    </ClInclude>
    <ClInclude Include="src\main\cpp\incoming\logger.h">
      <Filter>Header Files</Filter>
    </ClInclude>
    <ClInclude Include="src\main\cpp\incoming\captain.h">
      <Filter>Header Files</Filter>
    </ClInclude>
    <ClInclude Include="src\main\cpp\gpio\biker.h">
      <Filter>Header Files</Filter>
    </ClInclude>
    <ClInclude Include="src\main\cpp\beta.h">
      <Filter>Header Files</Filter>
    </ClInclude>
    <ClInclude Include="src\main\cpp\biker.h">
      <Filter>Header Files</Filter>
    </ClInclude>
    <ClInclude Include="src\main\cpp\captain.h">
      <Filter>Header Files</Filter>
    </ClInclude>
    <ClInclude Include="src\main\cpp\gpio.h">
      <Filter>Header Files</Filter>
    </ClInclude>
    <ClInclude Include="src\main\cpp\logger.h">
      <Filter>Header Files</Filter>
    </ClInclude>
    <ClInclude Include="src\main\cpp\motor.h">
      <Filter>Header Files</Filter>
    </ClInclude>
    <ClInclude Include="src\main\cpp\tictactoe.h">
      <Filter>Header Files</Filter>
    </ClInclude>
  </ItemGroup>
</Project>